PODS:
  - pop (1.0.10)
  - SwpShareView (2.1.0):
    - pop

DEPENDENCIES:
  - pop
  - SwpShareView (from `../`)

SPEC REPOS:
  https://github.com/CocoaPods/Specs.git:
    - pop

EXTERNAL SOURCES:
  SwpShareView:
    :path: "../"

SPEC CHECKSUMS:
  pop: 82ca6b068ce9278fd350fd9dd09482a0ce9492e6
  SwpShareView: 020172836ceacd32f5c35c13363b01b388fa20d9

PODFILE CHECKSUM: a6d7da548f0fa8ffdc2b00d7c87e87b1095a7c42

COCOAPODS: 1.5.0
